
Microsoft Visual Studio Solution File, Format Version 12.00
# Visual Studio Version 17
VisualStudioVersion = 17.3.32922.545
MinimumVisualStudioVersion = 10.0.40219.1
Project("{FAE04EC0-301F-11D3-BF4B-00C04F79EFBC}") = "Odma", "Odma\Odma.csproj", "{339475CC-DCAB-4487-95A4-F26C5D7165DA}"
EndProject
Global
	GlobalSection(SolutionConfigurationPlatforms) = preSolution
		Debug|Any CPU = Debug|Any CPU
		Release|Any CPU = Release|Any CPU
	EndGlobalSection
	GlobalSection(ProjectConfigurationPlatforms) = postSolution
		{339475CC-DCAB-4487-95A4-F26C5D7165DA}.Debug|Any CPU.ActiveCfg = Debug|Any CPU
		{339475CC-DCAB-4487-95A4-F26C5D7165DA}.Debug|Any CPU.Build.0 = Debug|Any CPU
		{339475CC-DCAB-4487-95A4-F26C5D7165DA}.Release|Any CPU.ActiveCfg = Release|Any CPU
		{339475CC-DCAB-4487-95A4-F26C5D7165DA}.Release|Any CPU.Build.0 = Release|Any CPU
	EndGlobalSection
	GlobalSection(SolutionProperties) = preSolution
		HideSolutionNode = FALSE
	EndGlobalSection
	GlobalSection(ExtensibilityGlobals) = postSolution
		SolutionGuid = {EBFC1241-8DD9-4B21-95F2-15069ED6E71F}
	EndGlobalSection
EndGlobal
